
Microsoft Visual Studio Solution File, Format Version 12.00
# Visual Studio 14
VisualStudioVersion = 14.0.25123.0
MinimumVisualStudioVersion = 10.0.40219.1
Project("{FAE04EC0-301F-11D3-BF4B-00C04F79EFBC}") = "PersonProble", "ClassLibrary1\PersonProble.csproj", "{C0586DFE-583D-4678-A371-3B846E91F13E}"
EndProject
Project("{FAE04EC0-301F-11D3-BF4B-00C04F79EFBC}") = "AnatomiaTestu", "AnatomiaTestu\AnatomiaTestu.csproj", "{0BBD7F90-7904-4419-8E0A-C3F5BAFBE9F2}"
EndProject
Project("{FAE04EC0-301F-11D3-BF4B-00C04F79EFBC}") = "FizzBuzz", "FizzBuzz\FizzBuzz.csproj", "{CF2D2D26-F937-461B-BAB6-2D61551AAE2F}"
EndProject
Project("{FAE04EC0-301F-11D3-BF4B-00C04F79EFBC}") = "SpecFlow", "SpecFlow\SpecFlow.csproj", "{27E4F3F9-AF45-413B-8B7B-02A549C6867F}"
EndProject
Project("{FAE04EC0-301F-11D3-BF4B-00C04F79EFBC}") = "VarProblem", "VarProblem\VarProblem.csproj", "{381ED591-7BB7-4945-9D0F-E1901838F6DF}"
EndProject
Project("{FAE04EC0-301F-11D3-BF4B-00C04F79EFBC}") = "EntityExample", "EntityExample\EntityExample.csproj", "{3394413E-AA8F-466F-BC17-6B634BCB32E8}"
EndProject
Project("{FAE04EC0-301F-11D3-BF4B-00C04F79EFBC}") = "SquareRectangle", "SquareRectangle\SquareRectangle.csproj", "{5D7FC2F0-FF18-47C1-889A-64D930392EA7}"
EndProject
Global
	GlobalSection(SolutionConfigurationPlatforms) = preSolution
		Debug|Any CPU = Debug|Any CPU
		Release|Any CPU = Release|Any CPU
	EndGlobalSection
	GlobalSection(ProjectConfigurationPlatforms) = postSolution
		{C0586DFE-583D-4678-A371-3B846E91F13E}.Debug|Any CPU.ActiveCfg = Debug|Any CPU
		{C0586DFE-583D-4678-A371-3B846E91F13E}.Debug|Any CPU.Build.0 = Debug|Any CPU
		{C0586DFE-583D-4678-A371-3B846E91F13E}.Release|Any CPU.ActiveCfg = Release|Any CPU
		{C0586DFE-583D-4678-A371-3B846E91F13E}.Release|Any CPU.Build.0 = Release|Any CPU
		{0BBD7F90-7904-4419-8E0A-C3F5BAFBE9F2}.Debug|Any CPU.ActiveCfg = Debug|Any CPU
		{0BBD7F90-7904-4419-8E0A-C3F5BAFBE9F2}.Debug|Any CPU.Build.0 = Debug|Any CPU
		{0BBD7F90-7904-4419-8E0A-C3F5BAFBE9F2}.Release|Any CPU.ActiveCfg = Release|Any CPU
		{0BBD7F90-7904-4419-8E0A-C3F5BAFBE9F2}.Release|Any CPU.Build.0 = Release|Any CPU
		{CF2D2D26-F937-461B-BAB6-2D61551AAE2F}.Debug|Any CPU.ActiveCfg = Debug|Any CPU
		{CF2D2D26-F937-461B-BAB6-2D61551AAE2F}.Debug|Any CPU.Build.0 = Debug|Any CPU
		{CF2D2D26-F937-461B-BAB6-2D61551AAE2F}.Release|Any CPU.ActiveCfg = Release|Any CPU
		{CF2D2D26-F937-461B-BAB6-2D61551AAE2F}.Release|Any CPU.Build.0 = Release|Any CPU
		{27E4F3F9-AF45-413B-8B7B-02A549C6867F}.Debug|Any CPU.ActiveCfg = Debug|Any CPU
		{27E4F3F9-AF45-413B-8B7B-02A549C6867F}.Debug|Any CPU.Build.0 = Debug|Any CPU
		{27E4F3F9-AF45-413B-8B7B-02A549C6867F}.Release|Any CPU.ActiveCfg = Release|Any CPU
		{27E4F3F9-AF45-413B-8B7B-02A549C6867F}.Release|Any CPU.Build.0 = Release|Any CPU
		{381ED591-7BB7-4945-9D0F-E1901838F6DF}.Debug|Any CPU.ActiveCfg = Debug|Any CPU
		{381ED591-7BB7-4945-9D0F-E1901838F6DF}.Debug|Any CPU.Build.0 = Debug|Any CPU
		{381ED591-7BB7-4945-9D0F-E1901838F6DF}.Release|Any CPU.ActiveCfg = Release|Any CPU
		{381ED591-7BB7-4945-9D0F-E1901838F6DF}.Release|Any CPU.Build.0 = Release|Any CPU
		{3394413E-AA8F-466F-BC17-6B634BCB32E8}.Debug|Any CPU.ActiveCfg = Debug|Any CPU
		{3394413E-AA8F-466F-BC17-6B634BCB32E8}.Debug|Any CPU.Build.0 = Debug|Any CPU
		{3394413E-AA8F-466F-BC17-6B634BCB32E8}.Release|Any CPU.ActiveCfg = Release|Any CPU
		{3394413E-AA8F-466F-BC17-6B634BCB32E8}.Release|Any CPU.Build.0 = Release|Any CPU
		{5D7FC2F0-FF18-47C1-889A-64D930392EA7}.Debug|Any CPU.ActiveCfg = Debug|Any CPU
		{5D7FC2F0-FF18-47C1-889A-64D930392EA7}.Debug|Any CPU.Build.0 = Debug|Any CPU
		{5D7FC2F0-FF18-47C1-889A-64D930392EA7}.Release|Any CPU.ActiveCfg = Release|Any CPU
		{5D7FC2F0-FF18-47C1-889A-64D930392EA7}.Release|Any CPU.Build.0 = Release|Any CPU
	EndGlobalSection
	GlobalSection(SolutionProperties) = preSolution
		HideSolutionNode = FALSE
	EndGlobalSection
EndGlobal
